
Microsoft Visual Studio Solution File, Format Version 11.00
# Visual Studio 2010
Project("{8BC9CEB8-8B4A-11D0-8D11-00A0C91BC942}") = "SkeletalViewer", "SkeletalViewer.vcxproj", "{598188FB-FFFE-4D88-8A3A-8AF295DAD351}"
EndProject
Project("{FAE04EC0-301F-11D3-BF4B-00C04F79EFBC}") = "BodyTetrisWrapper", "BodyTetrisWrapper\BodyTetrisWrapper.csproj", "{AA2FE514-FB23-40C7-88AC-716936A34F75}"
EndProject
Global
	GlobalSection(SolutionConfigurationPlatforms) = preSolution
		Debug|Any CPU = Debug|Any CPU
		Debug|Mixed Platforms = Debug|Mixed Platforms
		Debug|Win32 = Debug|Win32
		Debug|x86 = Debug|x86
		Release|Any CPU = Release|Any CPU
		Release|Mixed Platforms = Release|Mixed Platforms
		Release|Win32 = Release|Win32
		Release|x86 = Release|x86
	EndGlobalSection
	GlobalSection(ProjectConfigurationPlatforms) = postSolution
		{598188FB-FFFE-4D88-8A3A-8AF295DAD351}.Debug|Any CPU.ActiveCfg = Debug|Win32
		{598188FB-FFFE-4D88-8A3A-8AF295DAD351}.Debug|Mixed Platforms.ActiveCfg = Debug|Win32
		{598188FB-FFFE-4D88-8A3A-8AF295DAD351}.Debug|Mixed Platforms.Build.0 = Debug|Win32
		{598188FB-FFFE-4D88-8A3A-8AF295DAD351}.Debug|Win32.ActiveCfg = Debug|Win32
		{598188FB-FFFE-4D88-8A3A-8AF295DAD351}.Debug|Win32.Build.0 = Debug|Win32
		{598188FB-FFFE-4D88-8A3A-8AF295DAD351}.Debug|x86.ActiveCfg = Debug|Win32
		{598188FB-FFFE-4D88-8A3A-8AF295DAD351}.Release|Any CPU.ActiveCfg = Release|Win32
		{598188FB-FFFE-4D88-8A3A-8AF295DAD351}.Release|Mixed Platforms.ActiveCfg = Release|Win32
		{598188FB-FFFE-4D88-8A3A-8AF295DAD351}.Release|Mixed Platforms.Build.0 = Release|Win32
		{598188FB-FFFE-4D88-8A3A-8AF295DAD351}.Release|Win32.ActiveCfg = Release|Win32
		{598188FB-FFFE-4D88-8A3A-8AF295DAD351}.Release|Win32.Build.0 = Release|Win32
		{598188FB-FFFE-4D88-8A3A-8AF295DAD351}.Release|x86.ActiveCfg = Release|Win32
		{AA2FE514-FB23-40C7-88AC-716936A34F75}.Debug|Any CPU.ActiveCfg = Debug|x86
		{AA2FE514-FB23-40C7-88AC-716936A34F75}.Debug|Mixed Platforms.ActiveCfg = Debug|x86
		{AA2FE514-FB23-40C7-88AC-716936A34F75}.Debug|Mixed Platforms.Build.0 = Debug|x86
		{AA2FE514-FB23-40C7-88AC-716936A34F75}.Debug|Win32.ActiveCfg = Debug|x86
		{AA2FE514-FB23-40C7-88AC-716936A34F75}.Debug|x86.ActiveCfg = Debug|x86
		{AA2FE514-FB23-40C7-88AC-716936A34F75}.Debug|x86.Build.0 = Debug|x86
		{AA2FE514-FB23-40C7-88AC-716936A34F75}.Release|Any CPU.ActiveCfg = Release|x86
		{AA2FE514-FB23-40C7-88AC-716936A34F75}.Release|Mixed Platforms.ActiveCfg = Release|x86
		{AA2FE514-FB23-40C7-88AC-716936A34F75}.Release|Mixed Platforms.Build.0 = Release|x86
		{AA2FE514-FB23-40C7-88AC-716936A34F75}.Release|Win32.ActiveCfg = Release|x86
		{AA2FE514-FB23-40C7-88AC-716936A34F75}.Release|x86.ActiveCfg = Release|x86
		{AA2FE514-FB23-40C7-88AC-716936A34F75}.Release|x86.Build.0 = Release|x86
	EndGlobalSection
	GlobalSection(SolutionProperties) = preSolution
		HideSolutionNode = FALSE
	EndGlobalSection
EndGlobal
